
Microsoft Visual Studio Solution File, Format Version 12.00
# Visual Studio Version 16
VisualStudioVersion = 16.0.30204.135
MinimumVisualStudioVersion = 10.0.40219.1
Project("{FAE04EC0-301F-11D3-BF4B-00C04F79EFBC}") = "AddressScanner", "AddressScanner\AddressScanner.csproj", "{CF9BB7A8-FBE0-4B13-9243-1E5301F6D387}"
EndProject
Global
	GlobalSection(SolutionConfigurationPlatforms) = preSolution
		Debug|Any CPU = Debug|Any CPU
		Release|Any CPU = Release|Any CPU
	EndGlobalSection
	GlobalSection(ProjectConfigurationPlatforms) = postSolution
		{CF9BB7A8-FBE0-4B13-9243-1E5301F6D387}.Debug|Any CPU.ActiveCfg = Debug|Any CPU
		{CF9BB7A8-FBE0-4B13-9243-1E5301F6D387}.Debug|Any CPU.Build.0 = Debug|Any CPU
		{CF9BB7A8-FBE0-4B13-9243-1E5301F6D387}.Release|Any CPU.ActiveCfg = Release|Any CPU
		{CF9BB7A8-FBE0-4B13-9243-1E5301F6D387}.Release|Any CPU.Build.0 = Release|Any CPU
	EndGlobalSection
	GlobalSection(SolutionProperties) = preSolution
		HideSolutionNode = FALSE
	EndGlobalSection
	GlobalSection(ExtensibilityGlobals) = postSolution
		SolutionGuid = {0AC235F5-AEED-4417-9240-6D54CB0B2F56}
	EndGlobalSection
EndGlobal
